# THIS IS AN AUTOGENERATED FILE. DO NOT EDIT THIS FILE DIRECTLY.
# yarn lockfile v1


sal.js@^0.5.0:
  version "0.5.0"
  resolved "https://registry.yarnpkg.com/sal.js/-/sal.js-0.5.0.tgz#1f4f5828363a6dfd6385e84f71adf3a5aa43ecf8"
  integrity sha512-O5V+PO108JldehJgIEu237spJiOtJYrnopm+SiSv7tr/Kw2e9WI3LHj1iHvpPC6otgTpTZ8y8e5MiEcVEUewCQ==
